<Solution>
  <Project Path="ProductsAPI.API/ProductsAPI.API.csproj" />
  <Project Path="ProductsAPI.Application/ProductsAPI.Application.csproj" />
  <Project Path="ProductsAPI.Domain/ProductsAPI.Domain.csproj" />
  <Project Path="ProductsAPI.Infrastructure/ProductsAPI.Infrastructure.csproj" />
</Solution>
